
Microsoft Visual Studio Solution File, Format Version 12.00
# Visual Studio 15
VisualStudioVersion = 15.0.28307.168
MinimumVisualStudioVersion = 10.0.40219.1
Project("{FAE04EC0-301F-11D3-BF4B-00C04F79EFBC}") = "StockCalculator.Android", "StockCalculator\StockCalculator.Android\StockCalculator.Android.csproj", "{1560B902-087D-4D00-9FA7-7F49253EC039}"
EndProject
Project("{FAE04EC0-301F-11D3-BF4B-00C04F79EFBC}") = "StockCalculator.iOS", "StockCalculator\StockCalculator.iOS\StockCalculator.iOS.csproj", "{EC467C78-D5A8-427D-B202-62341262903B}"
EndProject
Project("{FAE04EC0-301F-11D3-BF4B-00C04F79EFBC}") = "StockCalculator", "StockCalculator\StockCalculator\StockCalculator.csproj", "{A7D1F279-C655-425E-83F4-26C5E57D3D82}"
EndProject
Global
	GlobalSection(SolutionConfigurationPlatforms) = preSolution
		Ad-Hoc|Any CPU = Ad-Hoc|Any CPU
		Ad-Hoc|iPhone = Ad-Hoc|iPhone
		Ad-Hoc|iPhoneSimulator = Ad-Hoc|iPhoneSimulator
		AppStore|Any CPU = AppStore|Any CPU
		AppStore|iPhone = AppStore|iPhone
		AppStore|iPhoneSimulator = AppStore|iPhoneSimulator
		Debug|Any CPU = Debug|Any CPU
		Debug|iPhone = Debug|iPhone
		Debug|iPhoneSimulator = Debug|iPhoneSimulator
		Release|Any CPU = Release|Any CPU
		Release|iPhone = Release|iPhone
		Release|iPhoneSimulator = Release|iPhoneSimulator
	EndGlobalSection
	GlobalSection(ProjectConfigurationPlatforms) = postSolution
		{1560B902-087D-4D00-9FA7-7F49253EC039}.Ad-Hoc|Any CPU.ActiveCfg = Release|Any CPU
		{1560B902-087D-4D00-9FA7-7F49253EC039}.Ad-Hoc|Any CPU.Build.0 = Release|Any CPU
		{1560B902-087D-4D00-9FA7-7F49253EC039}.Ad-Hoc|Any CPU.Deploy.0 = Release|Any CPU
		{1560B902-087D-4D00-9FA7-7F49253EC039}.Ad-Hoc|iPhone.ActiveCfg = Release|Any CPU
		{1560B902-087D-4D00-9FA7-7F49253EC039}.Ad-Hoc|iPhone.Build.0 = Release|Any CPU
		{1560B902-087D-4D00-9FA7-7F49253EC039}.Ad-Hoc|iPhone.Deploy.0 = Release|Any CPU
		{1560B902-087D-4D00-9FA7-7F49253EC039}.Ad-Hoc|iPhoneSimulator.ActiveCfg = Release|Any CPU
		{1560B902-087D-4D00-9FA7-7F49253EC039}.Ad-Hoc|iPhoneSimulator.Build.0 = Release|Any CPU
		{1560B902-087D-4D00-9FA7-7F49253EC039}.Ad-Hoc|iPhoneSimulator.Deploy.0 = Release|Any CPU
		{1560B902-087D-4D00-9FA7-7F49253EC039}.AppStore|Any CPU.ActiveCfg = Release|Any CPU
		{1560B902-087D-4D00-9FA7-7F49253EC039}.AppStore|Any CPU.Build.0 = Release|Any CPU
		{1560B902-087D-4D00-9FA7-7F49253EC039}.AppStore|Any CPU.Deploy.0 = Release|Any CPU
		{1560B902-087D-4D00-9FA7-7F49253EC039}.AppStore|iPhone.ActiveCfg = Release|Any CPU
		{1560B902-087D-4D00-9FA7-7F49253EC039}.AppStore|iPhone.Build.0 = Release|Any CPU
		{1560B902-087D-4D00-9FA7-7F49253EC039}.AppStore|iPhone.Deploy.0 = Release|Any CPU
		{1560B902-087D-4D00-9FA7-7F49253EC039}.AppStore|iPhoneSimulator.ActiveCfg = Release|Any CPU
		{1560B902-087D-4D00-9FA7-7F49253EC039}.AppStore|iPhoneSimulator.Build.0 = Release|Any CPU
		{1560B902-087D-4D00-9FA7-7F49253EC039}.AppStore|iPhoneSimulator.Deploy.0 = Release|Any CPU
		{1560B902-087D-4D00-9FA7-7F49253EC039}.Debug|Any CPU.ActiveCfg = Debug|Any CPU
		{1560B902-087D-4D00-9FA7-7F49253EC039}.Debug|Any CPU.Build.0 = Debug|Any CPU
		{1560B902-087D-4D00-9FA7-7F49253EC039}.Debug|Any CPU.Deploy.0 = Debug|Any CPU
		{1560B902-087D-4D00-9FA7-7F49253EC039}.Debug|iPhone.ActiveCfg = Debug|Any CPU
		{1560B902-087D-4D00-9FA7-7F49253EC039}.Debug|iPhone.Build.0 = Debug|Any CPU
		{1560B902-087D-4D00-9FA7-7F49253EC039}.Debug|iPhone.Deploy.0 = Debug|Any CPU
		{1560B902-087D-4D00-9FA7-7F49253EC039}.Debug|iPhoneSimulator.ActiveCfg = Debug|Any CPU
		{1560B902-087D-4D00-9FA7-7F49253EC039}.Debug|iPhoneSimulator.Build.0 = Debug|Any CPU
		{1560B902-087D-4D00-9FA7-7F49253EC039}.Debug|iPhoneSimulator.Deploy.0 = Debug|Any CPU
		{1560B902-087D-4D00-9FA7-7F49253EC039}.Release|Any CPU.ActiveCfg = Release|Any CPU
		{1560B902-087D-4D00-9FA7-7F49253EC039}.Release|Any CPU.Build.0 = Release|Any CPU
		{1560B902-087D-4D00-9FA7-7F49253EC039}.Release|Any CPU.Deploy.0 = Release|Any CPU
		{1560B902-087D-4D00-9FA7-7F49253EC039}.Release|iPhone.ActiveCfg = Release|Any CPU
		{1560B902-087D-4D00-9FA7-7F49253EC039}.Release|iPhone.Build.0 = Release|Any CPU
		{1560B902-087D-4D00-9FA7-7F49253EC039}.Release|iPhone.Deploy.0 = Release|Any CPU
		{1560B902-087D-4D00-9FA7-7F49253EC039}.Release|iPhoneSimulator.ActiveCfg = Release|Any CPU
		{1560B902-087D-4D00-9FA7-7F49253EC039}.Release|iPhoneSimulator.Build.0 = Release|Any CPU
		{1560B902-087D-4D00-9FA7-7F49253EC039}.Release|iPhoneSimulator.Deploy.0 = Release|Any CPU
		{EC467C78-D5A8-427D-B202-62341262903B}.Ad-Hoc|Any CPU.ActiveCfg = Ad-Hoc|iPhone
		{EC467C78-D5A8-427D-B202-62341262903B}.Ad-Hoc|Any CPU.Build.0 = Ad-Hoc|iPhone
		{EC467C78-D5A8-427D-B202-62341262903B}.Ad-Hoc|Any CPU.Deploy.0 = Ad-Hoc|iPhone
		{EC467C78-D5A8-427D-B202-62341262903B}.Ad-Hoc|iPhone.ActiveCfg = Ad-Hoc|iPhone
		{EC467C78-D5A8-427D-B202-62341262903B}.Ad-Hoc|iPhone.Build.0 = Ad-Hoc|iPhone
		{EC467C78-D5A8-427D-B202-62341262903B}.Ad-Hoc|iPhone.Deploy.0 = Ad-Hoc|iPhone
		{EC467C78-D5A8-427D-B202-62341262903B}.Ad-Hoc|iPhoneSimulator.ActiveCfg = Ad-Hoc|iPhoneSimulator
		{EC467C78-D5A8-427D-B202-62341262903B}.Ad-Hoc|iPhoneSimulator.Build.0 = Ad-Hoc|iPhoneSimulator
		{EC467C78-D5A8-427D-B202-62341262903B}.Ad-Hoc|iPhoneSimulator.Deploy.0 = Ad-Hoc|iPhoneSimulator
		{EC467C78-D5A8-427D-B202-62341262903B}.AppStore|Any CPU.ActiveCfg = AppStore|iPhone
		{EC467C78-D5A8-427D-B202-62341262903B}.AppStore|Any CPU.Build.0 = AppStore|iPhone
		{EC467C78-D5A8-427D-B202-62341262903B}.AppStore|Any CPU.Deploy.0 = AppStore|iPhone
		{EC467C78-D5A8-427D-B202-62341262903B}.AppStore|iPhone.ActiveCfg = AppStore|iPhone
		{EC467C78-D5A8-427D-B202-62341262903B}.AppStore|iPhone.Build.0 = AppStore|iPhone
		{EC467C78-D5A8-427D-B202-62341262903B}.AppStore|iPhone.Deploy.0 = AppStore|iPhone
		{EC467C78-D5A8-427D-B202-62341262903B}.AppStore|iPhoneSimulator.ActiveCfg = AppStore|iPhoneSimulator
		{EC467C78-D5A8-427D-B202-62341262903B}.AppStore|iPhoneSimulator.Build.0 = AppStore|iPhoneSimulator
		{EC467C78-D5A8-427D-B202-62341262903B}.AppStore|iPhoneSimulator.Deploy.0 = AppStore|iPhoneSimulator
		{EC467C78-D5A8-427D-B202-62341262903B}.Debug|Any CPU.ActiveCfg = Debug|iPhoneSimulator
		{EC467C78-D5A8-427D-B202-62341262903B}.Debug|Any CPU.Build.0 = Debug|iPhoneSimulator
		{EC467C78-D5A8-427D-B202-62341262903B}.Debug|Any CPU.Deploy.0 = Debug|iPhoneSimulator
		{EC467C78-D5A8-427D-B202-62341262903B}.Debug|iPhone.ActiveCfg = Debug|iPhone
		{EC467C78-D5A8-427D-B202-62341262903B}.Debug|iPhone.Build.0 = Debug|iPhone
		{EC467C78-D5A8-427D-B202-62341262903B}.Debug|iPhone.Deploy.0 = Debug|iPhone
		{EC467C78-D5A8-427D-B202-62341262903B}.Debug|iPhoneSimulator.ActiveCfg = Debug|iPhoneSimulator
		{EC467C78-D5A8-427D-B202-62341262903B}.Debug|iPhoneSimulator.Build.0 = Debug|iPhoneSimulator
		{EC467C78-D5A8-427D-B202-62341262903B}.Debug|iPhoneSimulator.Deploy.0 = Debug|iPhoneSimulator
		{EC467C78-D5A8-427D-B202-62341262903B}.Release|Any CPU.ActiveCfg = Release|iPhone
		{EC467C78-D5A8-427D-B202-62341262903B}.Release|Any CPU.Build.0 = Release|iPhone
		{EC467C78-D5A8-427D-B202-62341262903B}.Release|Any CPU.Deploy.0 = Release|iPhone
		{EC467C78-D5A8-427D-B202-62341262903B}.Release|iPhone.ActiveCfg = Release|iPhone
		{EC467C78-D5A8-427D-B202-62341262903B}.Release|iPhone.Build.0 = Release|iPhone
		{EC467C78-D5A8-427D-B202-62341262903B}.Release|iPhone.Deploy.0 = Release|iPhone
		{EC467C78-D5A8-427D-B202-62341262903B}.Release|iPhoneSimulator.ActiveCfg = Release|iPhoneSimulator
		{EC467C78-D5A8-427D-B202-62341262903B}.Release|iPhoneSimulator.Build.0 = Release|iPhoneSimulator
		{EC467C78-D5A8-427D-B202-62341262903B}.Release|iPhoneSimulator.Deploy.0 = Release|iPhoneSimulator
		{A7D1F279-C655-425E-83F4-26C5E57D3D82}.Ad-Hoc|Any CPU.ActiveCfg = Debug|Any CPU
		{A7D1F279-C655-425E-83F4-26C5E57D3D82}.Ad-Hoc|Any CPU.Build.0 = Debug|Any CPU
		{A7D1F279-C655-425E-83F4-26C5E57D3D82}.Ad-Hoc|Any CPU.Deploy.0 = Debug|Any CPU
		{A7D1F279-C655-425E-83F4-26C5E57D3D82}.Ad-Hoc|iPhone.ActiveCfg = Debug|Any CPU
		{A7D1F279-C655-425E-83F4-26C5E57D3D82}.Ad-Hoc|iPhone.Build.0 = Debug|Any CPU
		{A7D1F279-C655-425E-83F4-26C5E57D3D82}.Ad-Hoc|iPhone.Deploy.0 = Debug|Any CPU
		{A7D1F279-C655-425E-83F4-26C5E57D3D82}.Ad-Hoc|iPhoneSimulator.ActiveCfg = Debug|Any CPU
		{A7D1F279-C655-425E-83F4-26C5E57D3D82}.Ad-Hoc|iPhoneSimulator.Build.0 = Debug|Any CPU
		{A7D1F279-C655-425E-83F4-26C5E57D3D82}.Ad-Hoc|iPhoneSimulator.Deploy.0 = Debug|Any CPU
		{A7D1F279-C655-425E-83F4-26C5E57D3D82}.AppStore|Any CPU.ActiveCfg = Debug|Any CPU
		{A7D1F279-C655-425E-83F4-26C5E57D3D82}.AppStore|Any CPU.Build.0 = Debug|Any CPU
		{A7D1F279-C655-425E-83F4-26C5E57D3D82}.AppStore|Any CPU.Deploy.0 = Debug|Any CPU
		{A7D1F279-C655-425E-83F4-26C5E57D3D82}.AppStore|iPhone.ActiveCfg = Debug|Any CPU
		{A7D1F279-C655-425E-83F4-26C5E57D3D82}.AppStore|iPhone.Build.0 = Debug|Any CPU
		{A7D1F279-C655-425E-83F4-26C5E57D3D82}.AppStore|iPhone.Deploy.0 = Debug|Any CPU
		{A7D1F279-C655-425E-83F4-26C5E57D3D82}.AppStore|iPhoneSimulator.ActiveCfg = Debug|Any CPU
		{A7D1F279-C655-425E-83F4-26C5E57D3D82}.AppStore|iPhoneSimulator.Build.0 = Debug|Any CPU
		{A7D1F279-C655-425E-83F4-26C5E57D3D82}.AppStore|iPhoneSimulator.Deploy.0 = Debug|Any CPU
		{A7D1F279-C655-425E-83F4-26C5E57D3D82}.Debug|Any CPU.ActiveCfg = Debug|Any CPU
		{A7D1F279-C655-425E-83F4-26C5E57D3D82}.Debug|Any CPU.Build.0 = Debug|Any CPU
		{A7D1F279-C655-425E-83F4-26C5E57D3D82}.Debug|Any CPU.Deploy.0 = Debug|Any CPU
		{A7D1F279-C655-425E-83F4-26C5E57D3D82}.Debug|iPhone.ActiveCfg = Debug|Any CPU
		{A7D1F279-C655-425E-83F4-26C5E57D3D82}.Debug|iPhone.Build.0 = Debug|Any CPU
		{A7D1F279-C655-425E-83F4-26C5E57D3D82}.Debug|iPhone.Deploy.0 = Debug|Any CPU
		{A7D1F279-C655-425E-83F4-26C5E57D3D82}.Debug|iPhoneSimulator.ActiveCfg = Debug|Any CPU
		{A7D1F279-C655-425E-83F4-26C5E57D3D82}.Debug|iPhoneSimulator.Build.0 = Debug|Any CPU
		{A7D1F279-C655-425E-83F4-26C5E57D3D82}.Debug|iPhoneSimulator.Deploy.0 = Debug|Any CPU
		{A7D1F279-C655-425E-83F4-26C5E57D3D82}.Release|Any CPU.ActiveCfg = Release|Any CPU
		{A7D1F279-C655-425E-83F4-26C5E57D3D82}.Release|Any CPU.Build.0 = Release|Any CPU
		{A7D1F279-C655-425E-83F4-26C5E57D3D82}.Release|Any CPU.Deploy.0 = Release|Any CPU
		{A7D1F279-C655-425E-83F4-26C5E57D3D82}.Release|iPhone.ActiveCfg = Release|Any CPU
		{A7D1F279-C655-425E-83F4-26C5E57D3D82}.Release|iPhone.Build.0 = Release|Any CPU
		{A7D1F279-C655-425E-83F4-26C5E57D3D82}.Release|iPhone.Deploy.0 = Release|Any CPU
		{A7D1F279-C655-425E-83F4-26C5E57D3D82}.Release|iPhoneSimulator.ActiveCfg = Release|Any CPU
		{A7D1F279-C655-425E-83F4-26C5E57D3D82}.Release|iPhoneSimulator.Build.0 = Release|Any CPU
		{A7D1F279-C655-425E-83F4-26C5E57D3D82}.Release|iPhoneSimulator.Deploy.0 = Release|Any CPU
	EndGlobalSection
	GlobalSection(SolutionProperties) = preSolution
		HideSolutionNode = FALSE
	EndGlobalSection
	GlobalSection(ExtensibilityGlobals) = postSolution
		SolutionGuid = {02C00DC4-66ED-49BA-841B-EAE073A88E0F}
	EndGlobalSection
EndGlobal
